
Microsoft Visual Studio Solution File, Format Version 12.00
# Visual Studio Version 17
VisualStudioVersion = 17.3.32901.215
MinimumVisualStudioVersion = 10.0.40219.1
Project("{9A19103F-16F7-4668-BE54-9A1E7A4F7556}") = "Server", "Server\Server.csproj", "{36CAACEA-DAC5-4636-9B68-752B8A780F1B}"
EndProject
Project("{9A19103F-16F7-4668-BE54-9A1E7A4F7556}") = "ServerCore", "ServerCore\ServerCore.csproj", "{F44C0C49-A1BB-4817-B35E-98EE931D4677}"
EndProject
Project("{9A19103F-16F7-4668-BE54-9A1E7A4F7556}") = "DummyClient", "DummyClient\DummyClient.csproj", "{AB12AAFE-7EDA-41EB-9C66-A3D8224AF874}"
EndProject
Project("{FAE04EC0-301F-11D3-BF4B-00C04F79EFBC}") = "Multi_Thread", "Multi_Thread\Multi_Thread.csproj", "{4EB4308D-D4A6-4CB1-976A-557DDE40B233}"
EndProject
Global
	GlobalSection(SolutionConfigurationPlatforms) = preSolution
		Debug|Any CPU = Debug|Any CPU
		Release|Any CPU = Release|Any CPU
	EndGlobalSection
	GlobalSection(ProjectConfigurationPlatforms) = postSolution
		{36CAACEA-DAC5-4636-9B68-752B8A780F1B}.Debug|Any CPU.ActiveCfg = Debug|Any CPU
		{36CAACEA-DAC5-4636-9B68-752B8A780F1B}.Debug|Any CPU.Build.0 = Debug|Any CPU
		{36CAACEA-DAC5-4636-9B68-752B8A780F1B}.Release|Any CPU.ActiveCfg = Release|Any CPU
		{36CAACEA-DAC5-4636-9B68-752B8A780F1B}.Release|Any CPU.Build.0 = Release|Any CPU
		{F44C0C49-A1BB-4817-B35E-98EE931D4677}.Debug|Any CPU.ActiveCfg = Debug|Any CPU
		{F44C0C49-A1BB-4817-B35E-98EE931D4677}.Debug|Any CPU.Build.0 = Debug|Any CPU
		{F44C0C49-A1BB-4817-B35E-98EE931D4677}.Release|Any CPU.ActiveCfg = Release|Any CPU
		{F44C0C49-A1BB-4817-B35E-98EE931D4677}.Release|Any CPU.Build.0 = Release|Any CPU
		{AB12AAFE-7EDA-41EB-9C66-A3D8224AF874}.Debug|Any CPU.ActiveCfg = Debug|Any CPU
		{AB12AAFE-7EDA-41EB-9C66-A3D8224AF874}.Debug|Any CPU.Build.0 = Debug|Any CPU
		{AB12AAFE-7EDA-41EB-9C66-A3D8224AF874}.Release|Any CPU.ActiveCfg = Release|Any CPU
		{AB12AAFE-7EDA-41EB-9C66-A3D8224AF874}.Release|Any CPU.Build.0 = Release|Any CPU
		{4EB4308D-D4A6-4CB1-976A-557DDE40B233}.Debug|Any CPU.ActiveCfg = Debug|Any CPU
		{4EB4308D-D4A6-4CB1-976A-557DDE40B233}.Debug|Any CPU.Build.0 = Debug|Any CPU
		{4EB4308D-D4A6-4CB1-976A-557DDE40B233}.Release|Any CPU.ActiveCfg = Release|Any CPU
		{4EB4308D-D4A6-4CB1-976A-557DDE40B233}.Release|Any CPU.Build.0 = Release|Any CPU
	EndGlobalSection
	GlobalSection(SolutionProperties) = preSolution
		HideSolutionNode = FALSE
	EndGlobalSection
	GlobalSection(ExtensibilityGlobals) = postSolution
		SolutionGuid = {EB61C01D-E38A-49C1-9E0D-A6FE1203C953}
	EndGlobalSection
EndGlobal
